
Microsoft Visual Studio Solution File, Format Version 12.00
# Visual Studio Version 16
VisualStudioVersion = 16.0.29905.134
MinimumVisualStudioVersion = 10.0.40219.1
Project("{888888A0-9F3D-457C-B088-3A5042F75D52}") = "tensorflow-insiderthreat-scenario2", "tensorflow-insiderthreat-scenario2.pyproj", "{F3D54371-0603-4D7D-B022-14D09F8128A1}"
EndProject
Global
	GlobalSection(SolutionConfigurationPlatforms) = preSolution
		Debug|Any CPU = Debug|Any CPU
		Release|Any CPU = Release|Any CPU
	EndGlobalSection
	GlobalSection(ProjectConfigurationPlatforms) = postSolution
		{F3D54371-0603-4D7D-B022-14D09F8128A1}.Debug|Any CPU.ActiveCfg = Debug|Any CPU
		{F3D54371-0603-4D7D-B022-14D09F8128A1}.Release|Any CPU.ActiveCfg = Release|Any CPU
	EndGlobalSection
	GlobalSection(SolutionProperties) = preSolution
		HideSolutionNode = FALSE
	EndGlobalSection
	GlobalSection(ExtensibilityGlobals) = postSolution
		SolutionGuid = {38244B60-F2D6-4D0F-A01A-91ECC668F6DF}
	EndGlobalSection
EndGlobal
